
Microsoft Visual Studio Solution File, Format Version 12.00
# Visual Studio Version 17
VisualStudioVersion = 17.3.32901.215
MinimumVisualStudioVersion = 10.0.40219.1
Project("{9A19103F-16F7-4668-BE54-9A1E7A4F7556}") = "OdontoSystem", "OdontoSystem\OdontoSystem.csproj", "{61C28906-F8A3-4519-8AD5-33F76B2091DA}"
	ProjectSection(ProjectDependencies) = postProject
		{3EB417AF-6325-4936-8BA9-52D9D734188E} = {3EB417AF-6325-4936-8BA9-52D9D734188E}
	EndProjectSection
EndProject
Project("{9A19103F-16F7-4668-BE54-9A1E7A4F7556}") = "BusinessLogic", "BusinessLogic\BusinessLogic.csproj", "{3EB417AF-6325-4936-8BA9-52D9D734188E}"
EndProject
Global
	GlobalSection(SolutionConfigurationPlatforms) = preSolution
		Debug|Any CPU = Debug|Any CPU
		Release|Any CPU = Release|Any CPU
	EndGlobalSection
	GlobalSection(ProjectConfigurationPlatforms) = postSolution
		{61C28906-F8A3-4519-8AD5-33F76B2091DA}.Debug|Any CPU.ActiveCfg = Debug|Any CPU
		{61C28906-F8A3-4519-8AD5-33F76B2091DA}.Debug|Any CPU.Build.0 = Debug|Any CPU
		{61C28906-F8A3-4519-8AD5-33F76B2091DA}.Release|Any CPU.ActiveCfg = Release|Any CPU
		{61C28906-F8A3-4519-8AD5-33F76B2091DA}.Release|Any CPU.Build.0 = Release|Any CPU
		{3EB417AF-6325-4936-8BA9-52D9D734188E}.Debug|Any CPU.ActiveCfg = Debug|Any CPU
		{3EB417AF-6325-4936-8BA9-52D9D734188E}.Debug|Any CPU.Build.0 = Debug|Any CPU
		{3EB417AF-6325-4936-8BA9-52D9D734188E}.Release|Any CPU.ActiveCfg = Release|Any CPU
		{3EB417AF-6325-4936-8BA9-52D9D734188E}.Release|Any CPU.Build.0 = Release|Any CPU
	EndGlobalSection
	GlobalSection(SolutionProperties) = preSolution
		HideSolutionNode = FALSE
	EndGlobalSection
	GlobalSection(ExtensibilityGlobals) = postSolution
		SolutionGuid = {CF3BE47C-C6DC-47C2-A68D-777D59358E10}
	EndGlobalSection
EndGlobal
